
Microsoft Visual Studio Solution File, Format Version 12.00
# Visual Studio Version 17
VisualStudioVersion = 17.13.35828.75 d17.13
MinimumVisualStudioVersion = 10.0.40219.1
Project("{FAE04EC0-301F-11D3-BF4B-00C04F79EFBC}") = "DAL", "DAL\DAL.csproj", "{1FC2FB1D-736E-48A5-95A9-CBD66D6D094A}"
EndProject
Project("{FAE04EC0-301F-11D3-BF4B-00C04F79EFBC}") = "UIApp", "UIApp\UIApp.csproj", "{F2B48A29-F0BF-418F-BF02-6E00F746F6B5}"
EndProject
Global
	GlobalSection(SolutionConfigurationPlatforms) = preSolution
		Debug|Any CPU = Debug|Any CPU
		Release|Any CPU = Release|Any CPU
	EndGlobalSection
	GlobalSection(ProjectConfigurationPlatforms) = postSolution
		{1FC2FB1D-736E-48A5-95A9-CBD66D6D094A}.Debug|Any CPU.ActiveCfg = Debug|Any CPU
		{1FC2FB1D-736E-48A5-95A9-CBD66D6D094A}.Debug|Any CPU.Build.0 = Debug|Any CPU
		{1FC2FB1D-736E-48A5-95A9-CBD66D6D094A}.Release|Any CPU.ActiveCfg = Release|Any CPU
		{1FC2FB1D-736E-48A5-95A9-CBD66D6D094A}.Release|Any CPU.Build.0 = Release|Any CPU
		{F2B48A29-F0BF-418F-BF02-6E00F746F6B5}.Debug|Any CPU.ActiveCfg = Debug|Any CPU
		{F2B48A29-F0BF-418F-BF02-6E00F746F6B5}.Debug|Any CPU.Build.0 = Debug|Any CPU
		{F2B48A29-F0BF-418F-BF02-6E00F746F6B5}.Release|Any CPU.ActiveCfg = Release|Any CPU
		{F2B48A29-F0BF-418F-BF02-6E00F746F6B5}.Release|Any CPU.Build.0 = Release|Any CPU
	EndGlobalSection
	GlobalSection(SolutionProperties) = preSolution
		HideSolutionNode = FALSE
	EndGlobalSection
	GlobalSection(ExtensibilityGlobals) = postSolution
		SolutionGuid = {39208261-9C0B-459D-8618-7EC59D540414}
	EndGlobalSection
EndGlobal
